// !$*UTF8*$!
{
	archiveVersion = 1;
	classes = {
	};
	objectVersion = 50;
	objects = {

/* Begin PBXBuildFile section */
		FD80104A221196F000402FB6 /* AppDelegate.m in Sources */ = {isa = PBXBuildFile; fileRef = FD801049221196F000402FB6 /* AppDelegate.m */; };
		FD80104D221196F000402FB6 /* ViewController.m in Sources */ = {isa = PBXBuildFile; fileRef = FD80104C221196F000402FB6 /* ViewController.m */; };
		FD801050221196F000402FB6 /* Main.storyboard in Resources */ = {isa = PBXBuildFile; fileRef = FD80104E221196F000402FB6 /* Main.storyboard */; };
		FD801052221196F100402FB6 /* Assets.xcassets in Resources */ = {isa = PBXBuildFile; fileRef = FD801051221196F100402FB6 /* Assets.xcassets */; };
		FD801055221196F100402FB6 /* LaunchScreen.storyboard in Resources */ = {isa = PBXBuildFile; fileRef = FD801053221196F100402FB6 /* LaunchScreen.storyboard */; };
		FD801058221196F100402FB6 /* main.m in Sources */ = {isa = PBXBuildFile; fileRef = FD801057221196F100402FB6 /* main.m */; };
		FD8010602211A1A700402FB6 /* Window.m in Sources */ = {isa = PBXBuildFile; fileRef = FD80105F2211A1A700402FB6 /* Window.m */; };
/* End PBXBuildFile section */

/* Begin PBXFileReference section */
		FD801045221196F000402FB6 /* eventWindow.app */ = {isa = PBXFileReference; explicitFileType = wrapper.application; includeInIndex = 0; path = eventWindow.app; sourceTree = BUILT_PRODUCTS_DIR; };
		FD801048221196F000402FB6 /* AppDelegate.h */ = {isa = PBXFileReference; lastKnownFileType = sourcecode.c.h; path = AppDelegate.h; sourceTree = "<group>"; };
		FD801049221196F000402FB6 /* AppDelegate.m */ = {isa = PBXFileReference; lastKnownFileType = sourcecode.c.objc; path = AppDelegate.m; sourceTree = "<group>"; };
		FD80104B221196F000402FB6 /* ViewController.h */ = {isa = PBXFileReference; lastKnownFileType = sourcecode.c.h; path = ViewController.h; sourceTree = "<group>"; };
		FD80104C221196F000402FB6 /* ViewController.m */ = {isa = PBXFileReference; lastKnownFileType = sourcecode.c.objc; path = ViewController.m; sourceTree = "<group>"; };
		FD80104F221196F000402FB6 /* Base */ = {isa = PBXFileReference; lastKnownFileType = file.storyboard; name = Base; path = Base.lproj/Main.storyboard; sourceTree = "<group>"; };
		FD801051221196F100402FB6 /* Assets.xcassets */ = {isa = PBXFileReference; lastKnownFileType = folder.assetcatalog; path = Assets.xcassets; sourceTree = "<group>"; };
		FD801054221196F100402FB6 /* Base */ = {isa = PBXFileReference; lastKnownFileType = file.storyboard; name = Base; path = Base.lproj/LaunchScreen.storyboard; sourceTree = "<group>"; };
		FD801056221196F100402FB6 /* Info.plist */ = {isa = PBXFileReference; lastKnownFileType = text.plist.xml; path = Info.plist; sourceTree = "<group>"; };
		FD801057221196F100402FB6 /* main.m */ = {isa = PBXFileReference; lastKnownFileType = sourcecode.c.objc; path = main.m; sourceTree = "<group>"; };
		FD80105E2211A18400402FB6 /* Window.h */ = {isa = PBXFileReference; lastKnownFileType = sourcecode.c.h; path = Window.h; sourceTree = "<group>"; };
		FD80105F2211A1A700402FB6 /* Window.m */ = {isa = PBXFileReference; lastKnownFileType = sourcecode.c.objc; path = Window.m; sourceTree = "<group>"; };
/* End PBXFileReference section */

/* Begin PBXFrameworksBuildPhase section */
		FD801042221196F000402FB6 /* Frameworks */ = {
			isa = PBXFrameworksBuildPhase;
			buildActionMask = 2147483647;
			files = (
			);
			runOnlyForDeploymentPostprocessing = 0;
		};
/* End PBXFrameworksBuildPhase section */

/* Begin PBXGroup section */
		FD80103C221196F000402FB6 = {
			isa = PBXGroup;
			children = (
				FD801047221196F000402FB6 /* eventWindow */,
				FD801046221196F000402FB6 /* Products */,
			);
			sourceTree = "<group>";
		};
		FD801046221196F000402FB6 /* Products */ = {
			isa = PBXGroup;
			children = (
				FD801045221196F000402FB6 /* eventWindow.app */,
			);
			name = Products;
			sourceTree = "<group>";
		};
		FD801047221196F000402FB6 /* eventWindow */ = {
			isa = PBXGroup;
			children = (
				FD801048221196F000402FB6 /* AppDelegate.h */,
				FD801049221196F000402FB6 /* AppDelegate.m */,
				FD80104B221196F000402FB6 /* ViewController.h */,
				FD80104C221196F000402FB6 /* ViewController.m */,
				FD80104E221196F000402FB6 /* Main.storyboard */,
				FD801051221196F100402FB6 /* Assets.xcassets */,
				FD801053221196F100402FB6 /* LaunchScreen.storyboard */,
				FD801056221196F100402FB6 /* Info.plist */,
				FD801057221196F100402FB6 /* main.m */,
				FD80105E2211A18400402FB6 /* Window.h */,
				FD80105F2211A1A700402FB6 /* Window.m */,
			);
			path = eventWindow;
			sourceTree = "<group>";
		};
/* End PBXGroup section */

/* Begin PBXNativeTarget section */
		FD801044221196F000402FB6 /* eventWindow */ = {
			isa = PBXNativeTarget;
			buildConfigurationList = FD80105B221196F100402FB6 /* Build configuration list for PBXNativeTarget "eventWindow" */;
			buildPhases = (
				FD801041221196F000402FB6 /* Sources */,
				FD801042221196F000402FB6 /* Frameworks */,
				FD801043221196F000402FB6 /* Resources */,
			);
			buildRules = (
			);
			dependencies = (
			);
			name = eventWindow;
			productName = eventWindow;
			productReference = FD801045221196F000402FB6 /* eventWindow.app */;
			productType = "com.apple.product-type.application";
		};
/* End PBXNativeTarget section */

/* Begin PBXProject section */
		FD80103D221196F000402FB6 /* Project object */ = {
			isa = PBXProject;
			attributes = {
				LastUpgradeCheck = 1010;
				ORGANIZATIONNAME = "Evgeny Karasik";
				TargetAttributes = {
					FD801044221196F000402FB6 = {
						CreatedOnToolsVersion = 10.1;
					};
				};
			};
			buildConfigurationList = FD801040221196F000402FB6 /* Build configuration list for PBXProject "eventWindow" */;
			compatibilityVersion = "Xcode 9.3";
			developmentRegion = en;
			hasScannedForEncodings = 0;
			knownRegions = (
				en,
				Base,
			);
			mainGroup = FD80103C221196F000402FB6;
			productRefGroup = FD801046221196F000402FB6 /* Products */;
			projectDirPath = "";
			projectRoot = "";
			targets = (
				FD801044221196F000402FB6 /* eventWindow */,
			);
		};
/* End PBXProject section */

/* Begin PBXResourcesBuildPhase section */
		FD801043221196F000402FB6 /* Resources */ = {
			isa = PBXResourcesBuildPhase;
			buildActionMask = 2147483647;
			files = (
				FD801055221196F100402FB6 /* LaunchScreen.storyboard in Resources */,
				FD801052221196F100402FB6 /* Assets.xcassets in Resources */,
				FD801050221196F000402FB6 /* Main.storyboard in Resources */,
			);
			runOnlyForDeploymentPostprocessing = 0;
		};
/* End PBXResourcesBuildPhase section */

/* Begin PBXSourcesBuildPhase section */
		FD801041221196F000402FB6 /* Sources */ = {
			isa = PBXSourcesBuildPhase;
			buildActionMask = 2147483647;
			files = (
				FD80104D221196F000402FB6 /* ViewController.m in Sources */,
				FD801058221196F100402FB6 /* main.m in Sources */,
				FD80104A221196F000402FB6 /* AppDelegate.m in Sources */,
				FD8010602211A1A700402FB6 /* Window.m in Sources */,
			);
			runOnlyForDeploymentPostprocessing = 0;
		};
/* End PBXSourcesBuildPhase section */

/* Begin PBXVariantGroup section */
		FD80104E221196F000402FB6 /* Main.storyboard */ = {
			isa = PBXVariantGroup;
			children = (
				FD80104F221196F000402FB6 /* Base */,
			);
			name = Main.storyboard;
			sourceTree = "<group>";
		};
		FD801053221196F100402FB6 /* LaunchScreen.storyboard */ = {
			isa = PBXVariantGroup;
			children = (
				FD801054221196F100402FB6 /* Base */,
			);
			name = LaunchScreen.storyboard;
			sourceTree = "<group>";
		};
/* End PBXVariantGroup section */

/* Begin XCBuildConfiguration section */
		FD801059221196F100402FB6 /* Debug */ = {
			isa = XCBuildConfiguration;
			buildSettings = {
				ALWAYS_SEARCH_USER_PATHS = NO;
				CLANG_ANALYZER_NONNULL = YES;
				CLANG_ANALYZER_NUMBER_OBJECT_CONVERSION = YES_AGGRESSIVE;
				CLANG_CXX_LANGUAGE_STANDARD = "gnu++14";
				CLANG_CXX_LIBRARY = "libc++";
				CLANG_ENABLE_MODULES = YES;
				CLANG_ENABLE_OBJC_ARC = YES;
				CLANG_ENABLE_OBJC_WEAK = YES;
				CLANG_WARN_BLOCK_CAPTURE_AUTORELEASING = YES;
				CLANG_WARN_BOOL_CONVERSION = YES;
				CLANG_WARN_COMMA = YES;
				CLANG_WARN_CONSTANT_CONVERSION = YES;
				CLANG_WARN_DEPRECATED_OBJC_IMPLEMENTATIONS = YES;
				CLANG_WARN_DIRECT_OBJC_ISA_USAGE = YES_ERROR;
				CLANG_WARN_DOCUMENTATION_COMMENTS = YES;
				CLANG_WARN_EMPTY_BODY = YES;
				CLANG_WARN_ENUM_CONVERSION = YES;
				CLANG_WARN_INFINITE_RECURSION = YES;
				CLANG_WARN_INT_CONVERSION = YES;
				CLANG_WARN_NON_LITERAL_NULL_CONVERSION = YES;
				CLANG_WARN_OBJC_IMPLICIT_RETAIN_SELF = YES;
				CLANG_WARN_OBJC_LITERAL_CONVERSION = YES;
				CLANG_WARN_OBJC_ROOT_CLASS = YES_ERROR;
				CLANG_WARN_RANGE_LOOP_ANALYSIS = YES;
				CLANG_WARN_STRICT_PROTOTYPES = YES;
				CLANG_WARN_SUSPICIOUS_MOVE = YES;
				CLANG_WARN_UNGUARDED_AVAILABILITY = YES_AGGRESSIVE;
				CLANG_WARN_UNREACHABLE_CODE = YES;
				CLANG_WARN__DUPLICATE_METHOD_MATCH = YES;
				CODE_SIGN_IDENTITY = "iPhone Developer";
				COPY_PHASE_STRIP = NO;
				DEBUG_INFORMATION_FORMAT = dwarf;
				ENABLE_STRICT_OBJC_MSGSEND = YES;
				ENABLE_TESTABILITY = YES;
				GCC_C_LANGUAGE_STANDARD = gnu11;
				GCC_DYNAMIC_NO_PIC = NO;
				GCC_NO_COMMON_BLOCKS = YES;
				GCC_OPTIMIZATION_LEVEL = 0;
				GCC_PREPROCESSOR_DEFINITIONS = (
					"DEBUG=1",
					"$(inherited)",
				);
				GCC_WARN_64_TO_32_BIT_CONVERSION = YES;
				GCC_WARN_ABOUT_RETURN_TYPE = YES_ERROR;
				GCC_WARN_UNDECLARED_SELECTOR = YES;
				GCC_WARN_UNINITIALIZED_AUTOS = YES_AGGRESSIVE;
				GCC_WARN_UNUSED_FUNCTION = YES;
				GCC_WARN_UNUSED_VARIABLE = YES;
				IPHONEOS_DEPLOYMENT_TARGET = 12.1;
				MTL_ENABLE_DEBUG_INFO = INCLUDE_SOURCE;
				MTL_FAST_MATH = YES;
				ONLY_ACTIVE_ARCH = YES;
				SDKROOT = iphoneos;
			};
			name = Debug;
		};
		FD80105A221196F100402FB6 /* Release */ = {
			isa = XCBuildConfiguration;
			buildSettings = {
				ALWAYS_SEARCH_USER_PATHS = NO;
				CLANG_ANALYZER_NONNULL = YES;
				CLANG_ANALYZER_NUMBER_OBJECT_CONVERSION = YES_AGGRESSIVE;
				CLANG_CXX_LANGUAGE_STANDARD = "gnu++14";
				CLANG_CXX_LIBRARY = "libc++";
				CLANG_ENABLE_MODULES = YES;
				CLANG_ENABLE_OBJC_ARC = YES;
				CLANG_ENABLE_OBJC_WEAK = YES;
				CLANG_WARN_BLOCK_CAPTURE_AUTORELEASING = YES;
				CLANG_WARN_BOOL_CONVERSION = YES;
				CLANG_WARN_COMMA = YES;
				CLANG_WARN_CONSTANT_CONVERSION = YES;
				CLANG_WARN_DEPRECATED_OBJC_IMPLEMENTATIONS = YES;
				CLANG_WARN_DIRECT_OBJC_ISA_USAGE = YES_ERROR;
				CLANG_WARN_DOCUMENTATION_COMMENTS = YES;
				CLANG_WARN_EMPTY_BODY = YES;
				CLANG_WARN_ENUM_CONVERSION = YES;
				CLANG_WARN_INFINITE_RECURSION = YES;
				CLANG_WARN_INT_CONVERSION = YES;
				CLANG_WARN_NON_LITERAL_NULL_CONVERSION = YES;
				CLANG_WARN_OBJC_IMPLICIT_RETAIN_SELF = YES;
				CLANG_WARN_OBJC_LITERAL_CONVERSION = YES;
				CLANG_WARN_OBJC_ROOT_CLASS = YES_ERROR;
				CLANG_WARN_RANGE_LOOP_ANALYSIS = YES;
				CLANG_WARN_STRICT_PROTOTYPES = YES;
				CLANG_WARN_SUSPICIOUS_MOVE = YES;
				CLANG_WARN_UNGUARDED_AVAILABILITY = YES_AGGRESSIVE;
				CLANG_WARN_UNREACHABLE_CODE = YES;
				CLANG_WARN__DUPLICATE_METHOD_MATCH = YES;
				CODE_SIGN_IDENTITY = "iPhone Developer";
				COPY_PHASE_STRIP = NO;
				DEBUG_INFORMATION_FORMAT = "dwarf-with-dsym";
				ENABLE_NS_ASSERTIONS = NO;
				ENABLE_STRICT_OBJC_MSGSEND = YES;
				GCC_C_LANGUAGE_STANDARD = gnu11;
				GCC_NO_COMMON_BLOCKS = YES;
				GCC_WARN_64_TO_32_BIT_CONVERSION = YES;
				GCC_WARN_ABOUT_RETURN_TYPE = YES_ERROR;
				GCC_WARN_UNDECLARED_SELECTOR = YES;
				GCC_WARN_UNINITIALIZED_AUTOS = YES_AGGRESSIVE;
				GCC_WARN_UNUSED_FUNCTION = YES;
				GCC_WARN_UNUSED_VARIABLE = YES;
				IPHONEOS_DEPLOYMENT_TARGET = 12.1;
				MTL_ENABLE_DEBUG_INFO = NO;
				MTL_FAST_MATH = YES;
				SDKROOT = iphoneos;
				VALIDATE_PRODUCT = YES;
			};
			name = Release;
		};
		FD80105C221196F100402FB6 /* Debug */ = {
			isa = XCBuildConfiguration;
			buildSettings = {
				ASSETCATALOG_COMPILER_APPICON_NAME = AppIcon;
				CODE_SIGN_STYLE = Automatic;
				DEVELOPMENT_TEAM = M5H46J4YP8;
				INFOPLIST_FILE = eventWindow/Info.plist;
				IPHONEOS_DEPLOYMENT_TARGET = 10.0;
				LD_RUNPATH_SEARCH_PATHS = (
					"$(inherited)",
					"@executable_path/Frameworks",
				);
				PRODUCT_BUNDLE_IDENTIFIER = com.mf.ek.eventWindow;
				PRODUCT_NAME = "$(TARGET_NAME)";
				TARGETED_DEVICE_FAMILY = "1,2";
			};
			name = Debug;
		};
		FD80105D221196F100402FB6 /* Release */ = {
			isa = XCBuildConfiguration;
			buildSettings = {
				ASSETCATALOG_COMPILER_APPICON_NAME = AppIcon;
				CODE_SIGN_STYLE = Automatic;
				DEVELOPMENT_TEAM = M5H46J4YP8;
				INFOPLIST_FILE = eventWindow/Info.plist;
				IPHONEOS_DEPLOYMENT_TARGET = 10.0;
				LD_RUNPATH_SEARCH_PATHS = (
					"$(inherited)",
					"@executable_path/Frameworks",
				);
				PRODUCT_BUNDLE_IDENTIFIER = com.mf.ek.eventWindow;
				PRODUCT_NAME = "$(TARGET_NAME)";
				TARGETED_DEVICE_FAMILY = "1,2";
			};
			name = Release;
		};
/* End XCBuildConfiguration section */

/* Begin XCConfigurationList section */
		FD801040221196F000402FB6 /* Build configuration list for PBXProject "eventWindow" */ = {
			isa = XCConfigurationList;
			buildConfigurations = (
				FD801059221196F100402FB6 /* Debug */,
				FD80105A221196F100402FB6 /* Release */,
			);
			defaultConfigurationIsVisible = 0;
			defaultConfigurationName = Release;
		};
		FD80105B221196F100402FB6 /* Build configuration list for PBXNativeTarget "eventWindow" */ = {
			isa = XCConfigurationList;
			buildConfigurations = (
				FD80105C221196F100402FB6 /* Debug */,
				FD80105D221196F100402FB6 /* Release */,
			);
			defaultConfigurationIsVisible = 0;
			defaultConfigurationName = Release;
		};
/* End XCConfigurationList section */
	};
	rootObject = FD80103D221196F000402FB6 /* Project object */;
}
